{
  "requires": true,
  "lockfileVersion": 1,
  "dependencies": {
    "@ionic-native/http": {
      "version": "5.22.0",
      "resolved": "https://registry.npmjs.org/@ionic-native/http/-/http-5.22.0.tgz",
      "integrity": "sha512-RA3gp1vTBGKGSO+zN2X9yMJBvsypxB0Ad83+vozJ6A7U8u9JHIze1pXkFKq/Mxcja44uG5gPNae1E8PguEGZ8Q==",
      "requires": {
        "@types/cordova": "^0.0.34"
      }
    },
    "@types/cordova": {
      "version": "0.0.34",
      "resolved": "https://registry.npmjs.org/@types/cordova/-/cordova-0.0.34.tgz",
      "integrity": "sha1-6nrd907Ow9dimCegw54smt3HPQQ="
    }
  }
}
